// !$*UTF8*$!
{
	archiveVersion = 1;
	classes = {
	};
	objectVersion = 56;
	objects = {

/* Begin PBXBuildFile section */
		1181EFD42C80BEAB00B21876 /* AppDelegate.swift in Sources */ = {isa = PBXBuildFile; fileRef = 1181EFD32C80BEAB00B21876 /* AppDelegate.swift */; };
		1181EFD62C80BEAB00B21876 /* SceneDelegate.swift in Sources */ = {isa = PBXBuildFile; fileRef = 1181EFD52C80BEAB00B21876 /* SceneDelegate.swift */; };
		1181EFE02C80BEAC00B21876 /* Assets.xcassets in Resources */ = {isa = PBXBuildFile; fileRef = 1181EFDF2C80BEAC00B21876 /* Assets.xcassets */; };
		1181EFE32C80BEAC00B21876 /* Base in Resources */ = {isa = PBXBuildFile; fileRef = 1181EFE22C80BEAC00B21876 /* Base */; };
		1181EFEC2C80BF2500B21876 /* RxCocoa in Frameworks */ = {isa = PBXBuildFile; productRef = 1181EFEB2C80BF2500B21876 /* RxCocoa */; };
		1181EFEE2C80BF2500B21876 /* RxSwift in Frameworks */ = {isa = PBXBuildFile; productRef = 1181EFED2C80BF2500B21876 /* RxSwift */; };
		1181EFF12C80BF5700B21876 /* Alamofire in Frameworks */ = {isa = PBXBuildFile; productRef = 1181EFF02C80BF5700B21876 /* Alamofire */; };
		1181F01B2C80C64C00B21876 /* CoreDataManager.swift in Sources */ = {isa = PBXBuildFile; fileRef = 1181EFF42C80C64C00B21876 /* CoreDataManager.swift */; };
		1181F0212C80C64C00B21876 /* DashboardTabBarController.swift in Sources */ = {isa = PBXBuildFile; fileRef = 1181EFFF2C80C64C00B21876 /* DashboardTabBarController.swift */; };
		1181F0222C80C64C00B21876 /* FavoriteViewController.swift in Sources */ = {isa = PBXBuildFile; fileRef = 1181F0032C80C64C00B21876 /* FavoriteViewController.swift */; };
		1181F0232C80C64C00B21876 /* FavoriteViewModel.swift in Sources */ = {isa = PBXBuildFile; fileRef = 1181F0052C80C64C00B21876 /* FavoriteViewModel.swift */; };
		1181F0242C80C64C00B21876 /* NetworkService.swift in Sources */ = {isa = PBXBuildFile; fileRef = 1181F0082C80C64C00B21876 /* NetworkService.swift */; };
		1181F0252C80C64C00B21876 /* Post.swift in Sources */ = {isa = PBXBuildFile; fileRef = 1181F00A2C80C64C00B21876 /* Post.swift */; };
		1181F0262C80C64C00B21876 /* PostViewController.swift in Sources */ = {isa = PBXBuildFile; fileRef = 1181F00D2C80C64C00B21876 /* PostViewController.swift */; };
		1181F0272C80C64C00B21876 /* PostViewModel.swift in Sources */ = {isa = PBXBuildFile; fileRef = 1181F00F2C80C64C00B21876 /* PostViewModel.swift */; };
		1181F0282C80C64C00B21876 /* LoginModel.swift in Sources */ = {isa = PBXBuildFile; fileRef = 1181F0132C80C64C00B21876 /* LoginModel.swift */; };
		1181F0292C80C64C00B21876 /* LoginViewController.swift in Sources */ = {isa = PBXBuildFile; fileRef = 1181F0162C80C64C00B21876 /* LoginViewController.swift */; };
		1181F02A2C80C64C00B21876 /* LoginViewModel.swift in Sources */ = {isa = PBXBuildFile; fileRef = 1181F0182C80C64C00B21876 /* LoginViewModel.swift */; };
		1181F02C2C80C68C00B21876 /* Main.storyboard in Resources */ = {isa = PBXBuildFile; fileRef = 1181F02B2C80C68C00B21876 /* Main.storyboard */; };
		1181F02F2C80C94C00B21876 /* Constants.swift in Sources */ = {isa = PBXBuildFile; fileRef = 1181F02E2C80C94C00B21876 /* Constants.swift */; };
		1186D0B22C81A5A0009AD727 /* NetworkReachability.swift in Sources */ = {isa = PBXBuildFile; fileRef = 1186D0B12C81A5A0009AD727 /* NetworkReachability.swift */; };
		1186D1072C81AEF9009AD727 /* LoginTestCases.swift in Sources */ = {isa = PBXBuildFile; fileRef = 1186D0F82C81AC59009AD727 /* LoginTestCases.swift */; };
		1186D10B2C81B1D3009AD727 /* PostViewModelTestCases.swift in Sources */ = {isa = PBXBuildFile; fileRef = 1186D10A2C81B1D3009AD727 /* PostViewModelTestCases.swift */; };
		1186D10D2C81B540009AD727 /* FavoriteViewModelTestCases.swift in Sources */ = {isa = PBXBuildFile; fileRef = 1186D10C2C81B540009AD727 /* FavoriteViewModelTestCases.swift */; };
		1186D1622C81E2DD009AD727 /* Post+CoreDataClass.swift in Sources */ = {isa = PBXBuildFile; fileRef = 1186D1602C81E2DD009AD727 /* Post+CoreDataClass.swift */; };
		1186D1632C81E2DD009AD727 /* Post+CoreDataProperties.swift in Sources */ = {isa = PBXBuildFile; fileRef = 1186D1612C81E2DD009AD727 /* Post+CoreDataProperties.swift */; };
		1186D1652C81E9BA009AD727 /* TextFieldWithPadding.swift in Sources */ = {isa = PBXBuildFile; fileRef = 1186D1642C81E9BA009AD727 /* TextFieldWithPadding.swift */; };
		1186D1672C8204C2009AD727 /* LoginValidationProtocol.swift in Sources */ = {isa = PBXBuildFile; fileRef = 1186D1662C8204C2009AD727 /* LoginValidationProtocol.swift */; };
		1186D1692C8204E1009AD727 /* LoginViewModelProtocol.swift in Sources */ = {isa = PBXBuildFile; fileRef = 1186D1682C8204E1009AD727 /* LoginViewModelProtocol.swift */; };
		1186D16B2C8204FF009AD727 /* LoginValidation.swift in Sources */ = {isa = PBXBuildFile; fileRef = 1186D16A2C8204FF009AD727 /* LoginValidation.swift */; };
		1186D16D2C820F85009AD727 /* NetworkServiceProtocol.swift in Sources */ = {isa = PBXBuildFile; fileRef = 1186D16C2C820F85009AD727 /* NetworkServiceProtocol.swift */; };
		1186D16F2C820FA8009AD727 /* CoreDataManagerProtocol.swift in Sources */ = {isa = PBXBuildFile; fileRef = 1186D16E2C820FA8009AD727 /* CoreDataManagerProtocol.swift */; };
		1186D1712C8214D4009AD727 /* FetchedResultsControllerWrapper.swift in Sources */ = {isa = PBXBuildFile; fileRef = 1186D1702C8214D4009AD727 /* FetchedResultsControllerWrapper.swift */; };
		1186D1732C821505009AD727 /* FavoriteCDManagerProtocol.swift in Sources */ = {isa = PBXBuildFile; fileRef = 1186D1722C821505009AD727 /* FavoriteCDManagerProtocol.swift */; };
		1186D1752C82152B009AD727 /* FetchedResultsControllerProtocol.swift in Sources */ = {isa = PBXBuildFile; fileRef = 1186D1742C82152B009AD727 /* FetchedResultsControllerProtocol.swift */; };
		11CCE8E42C8439BE008BBAB1 /* UPosts.xcdatamodeld in Sources */ = {isa = PBXBuildFile; fileRef = 11CCE8E22C8439BE008BBAB1 /* UPosts.xcdatamodeld */; };
/* End PBXBuildFile section */

/* Begin PBXContainerItemProxy section */
		1186D1022C81AEEB009AD727 /* PBXContainerItemProxy */ = {
			isa = PBXContainerItemProxy;
			containerPortal = 1181EFC82C80BEAB00B21876 /* Project object */;
			proxyType = 1;
			remoteGlobalIDString = 1181EFCF2C80BEAB00B21876;
			remoteInfo = UPosts;
		};
/* End PBXContainerItemProxy section */

/* Begin PBXFileReference section */
		1181EFD02C80BEAB00B21876 /* UPosts.app */ = {isa = PBXFileReference; explicitFileType = wrapper.application; includeInIndex = 0; path = UPosts.app; sourceTree = BUILT_PRODUCTS_DIR; };
		1181EFD32C80BEAB00B21876 /* AppDelegate.swift */ = {isa = PBXFileReference; lastKnownFileType = sourcecode.swift; path = AppDelegate.swift; sourceTree = "<group>"; };
		1181EFD52C80BEAB00B21876 /* SceneDelegate.swift */ = {isa = PBXFileReference; lastKnownFileType = sourcecode.swift; path = SceneDelegate.swift; sourceTree = "<group>"; };
		1181EFDF2C80BEAC00B21876 /* Assets.xcassets */ = {isa = PBXFileReference; lastKnownFileType = folder.assetcatalog; path = Assets.xcassets; sourceTree = "<group>"; };
		1181EFE22C80BEAC00B21876 /* Base */ = {isa = PBXFileReference; lastKnownFileType = file.storyboard; name = Base; path = Base.lproj/LaunchScreen.storyboard; sourceTree = "<group>"; };
		1181EFE42C80BEAC00B21876 /* Info.plist */ = {isa = PBXFileReference; lastKnownFileType = text.plist.xml; path = Info.plist; sourceTree = "<group>"; };
		1181EFF42C80C64C00B21876 /* CoreDataManager.swift */ = {isa = PBXFileReference; fileEncoding = 4; lastKnownFileType = sourcecode.swift; path = CoreDataManager.swift; sourceTree = "<group>"; };
		1181EFFF2C80C64C00B21876 /* DashboardTabBarController.swift */ = {isa = PBXFileReference; fileEncoding = 4; lastKnownFileType = sourcecode.swift; path = DashboardTabBarController.swift; sourceTree = "<group>"; };
		1181F0032C80C64C00B21876 /* FavoriteViewController.swift */ = {isa = PBXFileReference; fileEncoding = 4; lastKnownFileType = sourcecode.swift; path = FavoriteViewController.swift; sourceTree = "<group>"; };
		1181F0052C80C64C00B21876 /* FavoriteViewModel.swift */ = {isa = PBXFileReference; fileEncoding = 4; lastKnownFileType = sourcecode.swift; path = FavoriteViewModel.swift; sourceTree = "<group>"; };
		1181F0082C80C64C00B21876 /* NetworkService.swift */ = {isa = PBXFileReference; fileEncoding = 4; lastKnownFileType = sourcecode.swift; path = NetworkService.swift; sourceTree = "<group>"; };
		1181F00A2C80C64C00B21876 /* Post.swift */ = {isa = PBXFileReference; fileEncoding = 4; lastKnownFileType = sourcecode.swift; path = Post.swift; sourceTree = "<group>"; };
		1181F00D2C80C64C00B21876 /* PostViewController.swift */ = {isa = PBXFileReference; fileEncoding = 4; lastKnownFileType = sourcecode.swift; path = PostViewController.swift; sourceTree = "<group>"; };
		1181F00F2C80C64C00B21876 /* PostViewModel.swift */ = {isa = PBXFileReference; fileEncoding = 4; lastKnownFileType = sourcecode.swift; path = PostViewModel.swift; sourceTree = "<group>"; };
		1181F0132C80C64C00B21876 /* LoginModel.swift */ = {isa = PBXFileReference; fileEncoding = 4; lastKnownFileType = sourcecode.swift; path = LoginModel.swift; sourceTree = "<group>"; };
		1181F0162C80C64C00B21876 /* LoginViewController.swift */ = {isa = PBXFileReference; fileEncoding = 4; lastKnownFileType = sourcecode.swift; path = LoginViewController.swift; sourceTree = "<group>"; };
		1181F0182C80C64C00B21876 /* LoginViewModel.swift */ = {isa = PBXFileReference; fileEncoding = 4; lastKnownFileType = sourcecode.swift; path = LoginViewModel.swift; sourceTree = "<group>"; };
		1181F02B2C80C68C00B21876 /* Main.storyboard */ = {isa = PBXFileReference; fileEncoding = 4; lastKnownFileType = file.storyboard; path = Main.storyboard; sourceTree = "<group>"; };
		1181F02E2C80C94C00B21876 /* Constants.swift */ = {isa = PBXFileReference; lastKnownFileType = sourcecode.swift; path = Constants.swift; sourceTree = "<group>"; };
		1186D0B12C81A5A0009AD727 /* NetworkReachability.swift */ = {isa = PBXFileReference; lastKnownFileType = sourcecode.swift; path = NetworkReachability.swift; sourceTree = "<group>"; };
		1186D0F82C81AC59009AD727 /* LoginTestCases.swift */ = {isa = PBXFileReference; lastKnownFileType = sourcecode.swift; path = LoginTestCases.swift; sourceTree = "<group>"; };
		1186D0FE2C81AEEB009AD727 /* UPostsTests.xctest */ = {isa = PBXFileReference; explicitFileType = wrapper.cfbundle; includeInIndex = 0; path = UPostsTests.xctest; sourceTree = BUILT_PRODUCTS_DIR; };
		1186D10A2C81B1D3009AD727 /* PostViewModelTestCases.swift */ = {isa = PBXFileReference; lastKnownFileType = sourcecode.swift; path = PostViewModelTestCases.swift; sourceTree = "<group>"; };
		1186D10C2C81B540009AD727 /* FavoriteViewModelTestCases.swift */ = {isa = PBXFileReference; lastKnownFileType = sourcecode.swift; path = FavoriteViewModelTestCases.swift; sourceTree = "<group>"; };
		1186D1602C81E2DD009AD727 /* Post+CoreDataClass.swift */ = {isa = PBXFileReference; lastKnownFileType = sourcecode.swift; path = "Post+CoreDataClass.swift"; sourceTree = "<group>"; };
		1186D1612C81E2DD009AD727 /* Post+CoreDataProperties.swift */ = {isa = PBXFileReference; lastKnownFileType = sourcecode.swift; path = "Post+CoreDataProperties.swift"; sourceTree = "<group>"; };
		1186D1642C81E9BA009AD727 /* TextFieldWithPadding.swift */ = {isa = PBXFileReference; lastKnownFileType = sourcecode.swift; path = TextFieldWithPadding.swift; sourceTree = "<group>"; };
		1186D1662C8204C2009AD727 /* LoginValidationProtocol.swift */ = {isa = PBXFileReference; lastKnownFileType = sourcecode.swift; path = LoginValidationProtocol.swift; sourceTree = "<group>"; };
		1186D1682C8204E1009AD727 /* LoginViewModelProtocol.swift */ = {isa = PBXFileReference; lastKnownFileType = sourcecode.swift; path = LoginViewModelProtocol.swift; sourceTree = "<group>"; };
		1186D16A2C8204FF009AD727 /* LoginValidation.swift */ = {isa = PBXFileReference; lastKnownFileType = sourcecode.swift; path = LoginValidation.swift; sourceTree = "<group>"; };
		1186D16C2C820F85009AD727 /* NetworkServiceProtocol.swift */ = {isa = PBXFileReference; lastKnownFileType = sourcecode.swift; path = NetworkServiceProtocol.swift; sourceTree = "<group>"; };
		1186D16E2C820FA8009AD727 /* CoreDataManagerProtocol.swift */ = {isa = PBXFileReference; lastKnownFileType = sourcecode.swift; path = CoreDataManagerProtocol.swift; sourceTree = "<group>"; };
		1186D1702C8214D4009AD727 /* FetchedResultsControllerWrapper.swift */ = {isa = PBXFileReference; lastKnownFileType = sourcecode.swift; path = FetchedResultsControllerWrapper.swift; sourceTree = "<group>"; };
		1186D1722C821505009AD727 /* FavoriteCDManagerProtocol.swift */ = {isa = PBXFileReference; lastKnownFileType = sourcecode.swift; path = FavoriteCDManagerProtocol.swift; sourceTree = "<group>"; };
		1186D1742C82152B009AD727 /* FetchedResultsControllerProtocol.swift */ = {isa = PBXFileReference; lastKnownFileType = sourcecode.swift; path = FetchedResultsControllerProtocol.swift; sourceTree = "<group>"; };
		11CCE8E32C8439BE008BBAB1 /* UPosts.xcdatamodel */ = {isa = PBXFileReference; lastKnownFileType = wrapper.xcdatamodel; path = UPosts.xcdatamodel; sourceTree = "<group>"; };
/* End PBXFileReference section */

/* Begin PBXFrameworksBuildPhase section */
		1181EFCD2C80BEAB00B21876 /* Frameworks */ = {
			isa = PBXFrameworksBuildPhase;
			buildActionMask = 2147483647;
			files = (
				1181EFF12C80BF5700B21876 /* Alamofire in Frameworks */,
				1181EFEE2C80BF2500B21876 /* RxSwift in Frameworks */,
				1181EFEC2C80BF2500B21876 /* RxCocoa in Frameworks */,
			);
			runOnlyForDeploymentPostprocessing = 0;
		};
		1186D0FB2C81AEEB009AD727 /* Frameworks */ = {
			isa = PBXFrameworksBuildPhase;
			buildActionMask = 2147483647;
			files = (
			);
			runOnlyForDeploymentPostprocessing = 0;
		};
/* End PBXFrameworksBuildPhase section */

/* Begin PBXGroup section */
		1181EFC72C80BEAB00B21876 = {
			isa = PBXGroup;
			children = (
				1181EFD22C80BEAB00B21876 /* UPosts */,
				1186D0FF2C81AEEB009AD727 /* UPostsTests */,
				1181EFD12C80BEAB00B21876 /* Products */,
			);
			sourceTree = "<group>";
		};
		1181EFD12C80BEAB00B21876 /* Products */ = {
			isa = PBXGroup;
			children = (
				1181EFD02C80BEAB00B21876 /* UPosts.app */,
				1186D0FE2C81AEEB009AD727 /* UPostsTests.xctest */,
			);
			name = Products;
			sourceTree = "<group>";
		};
		1181EFD22C80BEAB00B21876 /* UPosts */ = {
			isa = PBXGroup;
			children = (
				1181EFD32C80BEAB00B21876 /* AppDelegate.swift */,
				1181EFD52C80BEAB00B21876 /* SceneDelegate.swift */,
				1181F02D2C80C93600B21876 /* Helper */,
				1181EFF52C80C64C00B21876 /* CoreDataManager */,
				1181F0122C80C64C00B21876 /* Dashboard */,
				1181F01A2C80C64C00B21876 /* Login */,
				1181EFF72C80C64C00B21876 /* NetworkReachability */,
				1181EFFC2C80C64C00B21876 /* Resources */,
				1181EFDF2C80BEAC00B21876 /* Assets.xcassets */,
				1181F02B2C80C68C00B21876 /* Main.storyboard */,
				1181EFE12C80BEAC00B21876 /* LaunchScreen.storyboard */,
				1181EFE42C80BEAC00B21876 /* Info.plist */,
			);
			path = UPosts;
			sourceTree = "<group>";
		};
		1181EFF52C80C64C00B21876 /* CoreDataManager */ = {
			isa = PBXGroup;
			children = (
				1181EFF42C80C64C00B21876 /* CoreDataManager.swift */,
			);
			path = CoreDataManager;
			sourceTree = "<group>";
		};
		1181EFF72C80C64C00B21876 /* NetworkReachability */ = {
			isa = PBXGroup;
			children = (
				1186D0B12C81A5A0009AD727 /* NetworkReachability.swift */,
			);
			path = NetworkReachability;
			sourceTree = "<group>";
		};
		1181EFFB2C80C64C00B21876 /* CoreData */ = {
			isa = PBXGroup;
			children = (
				11CCE8E22C8439BE008BBAB1 /* UPosts.xcdatamodeld */,
				1186D1602C81E2DD009AD727 /* Post+CoreDataClass.swift */,
				1186D1612C81E2DD009AD727 /* Post+CoreDataProperties.swift */,
			);
			path = CoreData;
			sourceTree = "<group>";
		};
		1181EFFC2C80C64C00B21876 /* Resources */ = {
			isa = PBXGroup;
			children = (
				1181EFFB2C80C64C00B21876 /* CoreData */,
			);
			path = Resources;
			sourceTree = "<group>";
		};
		1181F0002C80C64C00B21876 /* DashboardTabBar */ = {
			isa = PBXGroup;
			children = (
				1181EFFF2C80C64C00B21876 /* DashboardTabBarController.swift */,
			);
			path = DashboardTabBar;
			sourceTree = "<group>";
		};
		1181F0042C80C64C00B21876 /* View */ = {
			isa = PBXGroup;
			children = (
				1181F0032C80C64C00B21876 /* FavoriteViewController.swift */,
			);
			path = View;
			sourceTree = "<group>";
		};
		1181F0062C80C64C00B21876 /* ViewModel */ = {
			isa = PBXGroup;
			children = (
				1181F0052C80C64C00B21876 /* FavoriteViewModel.swift */,
				1186D1702C8214D4009AD727 /* FetchedResultsControllerWrapper.swift */,
			);
			path = ViewModel;
			sourceTree = "<group>";
		};
		1181F0072C80C64C00B21876 /* Favorite */ = {
			isa = PBXGroup;
			children = (
				11CCE8E52C8439D3008BBAB1 /* Model */,
				1186D0B62C81AB52009AD727 /* Protocols */,
				1181F0042C80C64C00B21876 /* View */,
				1181F0062C80C64C00B21876 /* ViewModel */,
			);
			path = Favorite;
			sourceTree = "<group>";
		};
		1181F0092C80C64C00B21876 /* NetworkService */ = {
			isa = PBXGroup;
			children = (
				1181F0082C80C64C00B21876 /* NetworkService.swift */,
			);
			path = NetworkService;
			sourceTree = "<group>";
		};
		1181F00B2C80C64C00B21876 /* Model */ = {
			isa = PBXGroup;
			children = (
				1181F00A2C80C64C00B21876 /* Post.swift */,
			);
			path = Model;
			sourceTree = "<group>";
		};
		1181F00C2C80C64C00B21876 /* Protocols */ = {
			isa = PBXGroup;
			children = (
				1186D16C2C820F85009AD727 /* NetworkServiceProtocol.swift */,
				1186D16E2C820FA8009AD727 /* CoreDataManagerProtocol.swift */,
			);
			path = Protocols;
			sourceTree = "<group>";
		};
		1181F00E2C80C64C00B21876 /* View */ = {
			isa = PBXGroup;
			children = (
				1181F00D2C80C64C00B21876 /* PostViewController.swift */,
			);
			path = View;
			sourceTree = "<group>";
		};
		1181F0102C80C64C00B21876 /* ViewModel */ = {
			isa = PBXGroup;
			children = (
				1181F00F2C80C64C00B21876 /* PostViewModel.swift */,
			);
			path = ViewModel;
			sourceTree = "<group>";
		};
		1181F0112C80C64C00B21876 /* Post */ = {
			isa = PBXGroup;
			children = (
				1181F00B2C80C64C00B21876 /* Model */,
				1181F00C2C80C64C00B21876 /* Protocols */,
				1181F00E2C80C64C00B21876 /* View */,
				1181F0102C80C64C00B21876 /* ViewModel */,
			);
			path = Post;
			sourceTree = "<group>";
		};
		1181F0122C80C64C00B21876 /* Dashboard */ = {
			isa = PBXGroup;
			children = (
				1181F0002C80C64C00B21876 /* DashboardTabBar */,
				1181F0072C80C64C00B21876 /* Favorite */,
				1181F0092C80C64C00B21876 /* NetworkService */,
				1181F0112C80C64C00B21876 /* Post */,
			);
			path = Dashboard;
			sourceTree = "<group>";
		};
		1181F0142C80C64C00B21876 /* Model */ = {
			isa = PBXGroup;
			children = (
				1181F0132C80C64C00B21876 /* LoginModel.swift */,
			);
			path = Model;
			sourceTree = "<group>";
		};
		1181F0172C80C64C00B21876 /* View */ = {
			isa = PBXGroup;
			children = (
				1181F0162C80C64C00B21876 /* LoginViewController.swift */,
			);
			path = View;
			sourceTree = "<group>";
		};
		1181F0192C80C64C00B21876 /* ViewModel */ = {
			isa = PBXGroup;
			children = (
				1181F0182C80C64C00B21876 /* LoginViewModel.swift */,
				1186D16A2C8204FF009AD727 /* LoginValidation.swift */,
			);
			path = ViewModel;
			sourceTree = "<group>";
		};
		1181F01A2C80C64C00B21876 /* Login */ = {
			isa = PBXGroup;
			children = (
				1186D0B72C81AB69009AD727 /* Protocols */,
				1181F0142C80C64C00B21876 /* Model */,
				1181F0172C80C64C00B21876 /* View */,
				1181F0192C80C64C00B21876 /* ViewModel */,
			);
			path = Login;
			sourceTree = "<group>";
		};
		1181F02D2C80C93600B21876 /* Helper */ = {
			isa = PBXGroup;
			children = (
				1181F02E2C80C94C00B21876 /* Constants.swift */,
				1186D1642C81E9BA009AD727 /* TextFieldWithPadding.swift */,
			);
			path = Helper;
			sourceTree = "<group>";
		};
		1186D0B62C81AB52009AD727 /* Protocols */ = {
			isa = PBXGroup;
			children = (
				1186D1722C821505009AD727 /* FavoriteCDManagerProtocol.swift */,
				1186D1742C82152B009AD727 /* FetchedResultsControllerProtocol.swift */,
			);
			path = Protocols;
			sourceTree = "<group>";
		};
		1186D0B72C81AB69009AD727 /* Protocols */ = {
			isa = PBXGroup;
			children = (
				1186D1662C8204C2009AD727 /* LoginValidationProtocol.swift */,
				1186D1682C8204E1009AD727 /* LoginViewModelProtocol.swift */,
			);
			path = Protocols;
			sourceTree = "<group>";
		};
		1186D0FF2C81AEEB009AD727 /* UPostsTests */ = {
			isa = PBXGroup;
			children = (
				1186D0F82C81AC59009AD727 /* LoginTestCases.swift */,
				1186D10A2C81B1D3009AD727 /* PostViewModelTestCases.swift */,
				1186D10C2C81B540009AD727 /* FavoriteViewModelTestCases.swift */,
			);
			path = UPostsTests;
			sourceTree = "<group>";
		};
		11CCE8E52C8439D3008BBAB1 /* Model */ = {
			isa = PBXGroup;
			children = (
			);
			path = Model;
			sourceTree = "<group>";
		};
/* End PBXGroup section */

/* Begin PBXNativeTarget section */
		1181EFCF2C80BEAB00B21876 /* UPosts */ = {
			isa = PBXNativeTarget;
			buildConfigurationList = 1181EFE72C80BEAC00B21876 /* Build configuration list for PBXNativeTarget "UPosts" */;
			buildPhases = (
				1181EFCC2C80BEAB00B21876 /* Sources */,
				1181EFCD2C80BEAB00B21876 /* Frameworks */,
				1181EFCE2C80BEAB00B21876 /* Resources */,
			);
			buildRules = (
			);
			dependencies = (
			);
			name = UPosts;
			packageProductDependencies = (
				1181EFEB2C80BF2500B21876 /* RxCocoa */,
				1181EFED2C80BF2500B21876 /* RxSwift */,
				1181EFF02C80BF5700B21876 /* Alamofire */,
			);
			productName = UPosts;
			productReference = 1181EFD02C80BEAB00B21876 /* UPosts.app */;
			productType = "com.apple.product-type.application";
		};
		1186D0FD2C81AEEB009AD727 /* UPostsTests */ = {
			isa = PBXNativeTarget;
			buildConfigurationList = 1186D1042C81AEEB009AD727 /* Build configuration list for PBXNativeTarget "UPostsTests" */;
			buildPhases = (
				1186D0FA2C81AEEB009AD727 /* Sources */,
				1186D0FB2C81AEEB009AD727 /* Frameworks */,
				1186D0FC2C81AEEB009AD727 /* Resources */,
			);
			buildRules = (
			);
			dependencies = (
				1186D1032C81AEEB009AD727 /* PBXTargetDependency */,
			);
			name = UPostsTests;
			productName = UPostsTests;
			productReference = 1186D0FE2C81AEEB009AD727 /* UPostsTests.xctest */;
			productType = "com.apple.product-type.bundle.unit-test";
		};
/* End PBXNativeTarget section */

/* Begin PBXProject section */
		1181EFC82C80BEAB00B21876 /* Project object */ = {
			isa = PBXProject;
			attributes = {
				BuildIndependentTargetsInParallel = 1;
				LastSwiftUpdateCheck = 1540;
				LastUpgradeCheck = 1540;
				TargetAttributes = {
					1181EFCF2C80BEAB00B21876 = {
						CreatedOnToolsVersion = 15.4;
					};
					1186D0FD2C81AEEB009AD727 = {
						CreatedOnToolsVersion = 15.4;
						TestTargetID = 1181EFCF2C80BEAB00B21876;
					};
				};
			};
			buildConfigurationList = 1181EFCB2C80BEAB00B21876 /* Build configuration list for PBXProject "UPosts" */;
			compatibilityVersion = "Xcode 14.0";
			developmentRegion = en;
			hasScannedForEncodings = 0;
			knownRegions = (
				en,
				Base,
			);
			mainGroup = 1181EFC72C80BEAB00B21876;
			packageReferences = (
				1181EFEA2C80BF2500B21876 /* XCRemoteSwiftPackageReference "RxSwift" */,
				1181EFEF2C80BF5700B21876 /* XCRemoteSwiftPackageReference "Alamofire" */,
			);
			productRefGroup = 1181EFD12C80BEAB00B21876 /* Products */;
			projectDirPath = "";
			projectRoot = "";
			targets = (
				1181EFCF2C80BEAB00B21876 /* UPosts */,
				1186D0FD2C81AEEB009AD727 /* UPostsTests */,
			);
		};
/* End PBXProject section */

/* Begin PBXResourcesBuildPhase section */
		1181EFCE2C80BEAB00B21876 /* Resources */ = {
			isa = PBXResourcesBuildPhase;
			buildActionMask = 2147483647;
			files = (
				1181F02C2C80C68C00B21876 /* Main.storyboard in Resources */,
				1181EFE02C80BEAC00B21876 /* Assets.xcassets in Resources */,
				1181EFE32C80BEAC00B21876 /* Base in Resources */,
			);
			runOnlyForDeploymentPostprocessing = 0;
		};
		1186D0FC2C81AEEB009AD727 /* Resources */ = {
			isa = PBXResourcesBuildPhase;
			buildActionMask = 2147483647;
			files = (
			);
			runOnlyForDeploymentPostprocessing = 0;
		};
/* End PBXResourcesBuildPhase section */

/* Begin PBXSourcesBuildPhase section */
		1181EFCC2C80BEAB00B21876 /* Sources */ = {
			isa = PBXSourcesBuildPhase;
			buildActionMask = 2147483647;
			files = (
				1186D1652C81E9BA009AD727 /* TextFieldWithPadding.swift in Sources */,
				1181F0272C80C64C00B21876 /* PostViewModel.swift in Sources */,
				1181F0262C80C64C00B21876 /* PostViewController.swift in Sources */,
				1186D1692C8204E1009AD727 /* LoginViewModelProtocol.swift in Sources */,
				1186D1732C821505009AD727 /* FavoriteCDManagerProtocol.swift in Sources */,
				1181F0282C80C64C00B21876 /* LoginModel.swift in Sources */,
				1181EFD42C80BEAB00B21876 /* AppDelegate.swift in Sources */,
				1186D1712C8214D4009AD727 /* FetchedResultsControllerWrapper.swift in Sources */,
				1181F0252C80C64C00B21876 /* Post.swift in Sources */,
				1186D1672C8204C2009AD727 /* LoginValidationProtocol.swift in Sources */,
				1186D16F2C820FA8009AD727 /* CoreDataManagerProtocol.swift in Sources */,
				1186D16B2C8204FF009AD727 /* LoginValidation.swift in Sources */,
				1186D0B22C81A5A0009AD727 /* NetworkReachability.swift in Sources */,
				1186D16D2C820F85009AD727 /* NetworkServiceProtocol.swift in Sources */,
				1181F02A2C80C64C00B21876 /* LoginViewModel.swift in Sources */,
				1181F0222C80C64C00B21876 /* FavoriteViewController.swift in Sources */,
				1181F0212C80C64C00B21876 /* DashboardTabBarController.swift in Sources */,
				1181F01B2C80C64C00B21876 /* CoreDataManager.swift in Sources */,
				11CCE8E42C8439BE008BBAB1 /* UPosts.xcdatamodeld in Sources */,
				1181F0292C80C64C00B21876 /* LoginViewController.swift in Sources */,
				1181EFD62C80BEAB00B21876 /* SceneDelegate.swift in Sources */,
				1181F0242C80C64C00B21876 /* NetworkService.swift in Sources */,
				1186D1752C82152B009AD727 /* FetchedResultsControllerProtocol.swift in Sources */,
				1181F0232C80C64C00B21876 /* FavoriteViewModel.swift in Sources */,
				1181F02F2C80C94C00B21876 /* Constants.swift in Sources */,
				1186D1622C81E2DD009AD727 /* Post+CoreDataClass.swift in Sources */,
				1186D1632C81E2DD009AD727 /* Post+CoreDataProperties.swift in Sources */,
			);
			runOnlyForDeploymentPostprocessing = 0;
		};
		1186D0FA2C81AEEB009AD727 /* Sources */ = {
			isa = PBXSourcesBuildPhase;
			buildActionMask = 2147483647;
			files = (
				1186D10D2C81B540009AD727 /* FavoriteViewModelTestCases.swift in Sources */,
				1186D10B2C81B1D3009AD727 /* PostViewModelTestCases.swift in Sources */,
				1186D1072C81AEF9009AD727 /* LoginTestCases.swift in Sources */,
			);
			runOnlyForDeploymentPostprocessing = 0;
		};
/* End PBXSourcesBuildPhase section */

/* Begin PBXTargetDependency section */
		1186D1032C81AEEB009AD727 /* PBXTargetDependency */ = {
			isa = PBXTargetDependency;
			target = 1181EFCF2C80BEAB00B21876 /* UPosts */;
			targetProxy = 1186D1022C81AEEB009AD727 /* PBXContainerItemProxy */;
		};
/* End PBXTargetDependency section */

/* Begin PBXVariantGroup section */
		1181EFE12C80BEAC00B21876 /* LaunchScreen.storyboard */ = {
			isa = PBXVariantGroup;
			children = (
				1181EFE22C80BEAC00B21876 /* Base */,
			);
			name = LaunchScreen.storyboard;
			sourceTree = "<group>";
		};
/* End PBXVariantGroup section */

/* Begin XCBuildConfiguration section */
		1181EFE52C80BEAC00B21876 /* Debug */ = {
			isa = XCBuildConfiguration;
			buildSettings = {
				ALWAYS_SEARCH_USER_PATHS = NO;
				ASSETCATALOG_COMPILER_GENERATE_SWIFT_ASSET_SYMBOL_EXTENSIONS = YES;
				CLANG_ANALYZER_NONNULL = YES;
				CLANG_ANALYZER_NUMBER_OBJECT_CONVERSION = YES_AGGRESSIVE;
				CLANG_CXX_LANGUAGE_STANDARD = "gnu++20";
				CLANG_ENABLE_MODULES = YES;
				CLANG_ENABLE_OBJC_ARC = YES;
				CLANG_ENABLE_OBJC_WEAK = YES;
				CLANG_WARN_BLOCK_CAPTURE_AUTORELEASING = YES;
				CLANG_WARN_BOOL_CONVERSION = YES;
				CLANG_WARN_COMMA = YES;
				CLANG_WARN_CONSTANT_CONVERSION = YES;
				CLANG_WARN_DEPRECATED_OBJC_IMPLEMENTATIONS = YES;
				CLANG_WARN_DIRECT_OBJC_ISA_USAGE = YES_ERROR;
				CLANG_WARN_DOCUMENTATION_COMMENTS = YES;
				CLANG_WARN_EMPTY_BODY = YES;
				CLANG_WARN_ENUM_CONVERSION = YES;
				CLANG_WARN_INFINITE_RECURSION = YES;
				CLANG_WARN_INT_CONVERSION = YES;
				CLANG_WARN_NON_LITERAL_NULL_CONVERSION = YES;
				CLANG_WARN_OBJC_IMPLICIT_RETAIN_SELF = YES;
				CLANG_WARN_OBJC_LITERAL_CONVERSION = YES;
				CLANG_WARN_OBJC_ROOT_CLASS = YES_ERROR;
				CLANG_WARN_QUOTED_INCLUDE_IN_FRAMEWORK_HEADER = YES;
				CLANG_WARN_RANGE_LOOP_ANALYSIS = YES;
				CLANG_WARN_STRICT_PROTOTYPES = YES;
				CLANG_WARN_SUSPICIOUS_MOVE = YES;
				CLANG_WARN_UNGUARDED_AVAILABILITY = YES_AGGRESSIVE;
				CLANG_WARN_UNREACHABLE_CODE = YES;
				CLANG_WARN__DUPLICATE_METHOD_MATCH = YES;
				COPY_PHASE_STRIP = NO;
				DEBUG_INFORMATION_FORMAT = dwarf;
				ENABLE_STRICT_OBJC_MSGSEND = YES;
				ENABLE_TESTABILITY = YES;
				ENABLE_USER_SCRIPT_SANDBOXING = YES;
				GCC_C_LANGUAGE_STANDARD = gnu17;
				GCC_DYNAMIC_NO_PIC = NO;
				GCC_NO_COMMON_BLOCKS = YES;
				GCC_OPTIMIZATION_LEVEL = 0;
				GCC_PREPROCESSOR_DEFINITIONS = (
					"DEBUG=1",
					"$(inherited)",
				);
				GCC_WARN_64_TO_32_BIT_CONVERSION = YES;
				GCC_WARN_ABOUT_RETURN_TYPE = YES_ERROR;
				GCC_WARN_UNDECLARED_SELECTOR = YES;
				GCC_WARN_UNINITIALIZED_AUTOS = YES_AGGRESSIVE;
				GCC_WARN_UNUSED_FUNCTION = YES;
				GCC_WARN_UNUSED_VARIABLE = YES;
				IPHONEOS_DEPLOYMENT_TARGET = 17.5;
				LOCALIZATION_PREFERS_STRING_CATALOGS = YES;
				MTL_ENABLE_DEBUG_INFO = INCLUDE_SOURCE;
				MTL_FAST_MATH = YES;
				ONLY_ACTIVE_ARCH = YES;
				SDKROOT = iphoneos;
				SWIFT_ACTIVE_COMPILATION_CONDITIONS = "DEBUG $(inherited)";
				SWIFT_OPTIMIZATION_LEVEL = "-Onone";
			};
			name = Debug;
		};
		1181EFE62C80BEAC00B21876 /* Release */ = {
			isa = XCBuildConfiguration;
			buildSettings = {
				ALWAYS_SEARCH_USER_PATHS = NO;
				ASSETCATALOG_COMPILER_GENERATE_SWIFT_ASSET_SYMBOL_EXTENSIONS = YES;
				CLANG_ANALYZER_NONNULL = YES;
				CLANG_ANALYZER_NUMBER_OBJECT_CONVERSION = YES_AGGRESSIVE;
				CLANG_CXX_LANGUAGE_STANDARD = "gnu++20";
				CLANG_ENABLE_MODULES = YES;
				CLANG_ENABLE_OBJC_ARC = YES;
				CLANG_ENABLE_OBJC_WEAK = YES;
				CLANG_WARN_BLOCK_CAPTURE_AUTORELEASING = YES;
				CLANG_WARN_BOOL_CONVERSION = YES;
				CLANG_WARN_COMMA = YES;
				CLANG_WARN_CONSTANT_CONVERSION = YES;
				CLANG_WARN_DEPRECATED_OBJC_IMPLEMENTATIONS = YES;
				CLANG_WARN_DIRECT_OBJC_ISA_USAGE = YES_ERROR;
				CLANG_WARN_DOCUMENTATION_COMMENTS = YES;
				CLANG_WARN_EMPTY_BODY = YES;
				CLANG_WARN_ENUM_CONVERSION = YES;
				CLANG_WARN_INFINITE_RECURSION = YES;
				CLANG_WARN_INT_CONVERSION = YES;
				CLANG_WARN_NON_LITERAL_NULL_CONVERSION = YES;
				CLANG_WARN_OBJC_IMPLICIT_RETAIN_SELF = YES;
				CLANG_WARN_OBJC_LITERAL_CONVERSION = YES;
				CLANG_WARN_OBJC_ROOT_CLASS = YES_ERROR;
				CLANG_WARN_QUOTED_INCLUDE_IN_FRAMEWORK_HEADER = YES;
				CLANG_WARN_RANGE_LOOP_ANALYSIS = YES;
				CLANG_WARN_STRICT_PROTOTYPES = YES;
				CLANG_WARN_SUSPICIOUS_MOVE = YES;
				CLANG_WARN_UNGUARDED_AVAILABILITY = YES_AGGRESSIVE;
				CLANG_WARN_UNREACHABLE_CODE = YES;
				CLANG_WARN__DUPLICATE_METHOD_MATCH = YES;
				COPY_PHASE_STRIP = NO;
				DEBUG_INFORMATION_FORMAT = "dwarf-with-dsym";
				ENABLE_NS_ASSERTIONS = NO;
				ENABLE_STRICT_OBJC_MSGSEND = YES;
				ENABLE_USER_SCRIPT_SANDBOXING = YES;
				GCC_C_LANGUAGE_STANDARD = gnu17;
				GCC_NO_COMMON_BLOCKS = YES;
				GCC_WARN_64_TO_32_BIT_CONVERSION = YES;
				GCC_WARN_ABOUT_RETURN_TYPE = YES_ERROR;
				GCC_WARN_UNDECLARED_SELECTOR = YES;
				GCC_WARN_UNINITIALIZED_AUTOS = YES_AGGRESSIVE;
				GCC_WARN_UNUSED_FUNCTION = YES;
				GCC_WARN_UNUSED_VARIABLE = YES;
				IPHONEOS_DEPLOYMENT_TARGET = 17.5;
				LOCALIZATION_PREFERS_STRING_CATALOGS = YES;
				MTL_ENABLE_DEBUG_INFO = NO;
				MTL_FAST_MATH = YES;
				SDKROOT = iphoneos;
				SWIFT_COMPILATION_MODE = wholemodule;
				VALIDATE_PRODUCT = YES;
			};
			name = Release;
		};
		1181EFE82C80BEAC00B21876 /* Debug */ = {
			isa = XCBuildConfiguration;
			buildSettings = {
				ASSETCATALOG_COMPILER_APPICON_NAME = AppIcon;
				ASSETCATALOG_COMPILER_GLOBAL_ACCENT_COLOR_NAME = AccentColor;
				CODE_SIGN_STYLE = Automatic;
				CURRENT_PROJECT_VERSION = 1;
				GENERATE_INFOPLIST_FILE = YES;
				INFOPLIST_FILE = UPosts/Info.plist;
				INFOPLIST_KEY_UIApplicationSupportsIndirectInputEvents = YES;
				INFOPLIST_KEY_UILaunchStoryboardName = LaunchScreen;
				INFOPLIST_KEY_UIMainStoryboardFile = Main;
				INFOPLIST_KEY_UISupportedInterfaceOrientations = UIInterfaceOrientationPortrait;
				LD_RUNPATH_SEARCH_PATHS = (
					"$(inherited)",
					"@executable_path/Frameworks",
				);
				MARKETING_VERSION = 1.0;
				PRODUCT_BUNDLE_IDENTIFIER = Sanjeev.UPosts;
				PRODUCT_NAME = "$(TARGET_NAME)";
				SWIFT_EMIT_LOC_STRINGS = YES;
				SWIFT_VERSION = 5.0;
				TARGETED_DEVICE_FAMILY = "1,2";
			};
			name = Debug;
		};
		1181EFE92C80BEAC00B21876 /* Release */ = {
			isa = XCBuildConfiguration;
			buildSettings = {
				ASSETCATALOG_COMPILER_APPICON_NAME = AppIcon;
				ASSETCATALOG_COMPILER_GLOBAL_ACCENT_COLOR_NAME = AccentColor;
				CODE_SIGN_STYLE = Automatic;
				CURRENT_PROJECT_VERSION = 1;
				GENERATE_INFOPLIST_FILE = YES;
				INFOPLIST_FILE = UPosts/Info.plist;
				INFOPLIST_KEY_UIApplicationSupportsIndirectInputEvents = YES;
				INFOPLIST_KEY_UILaunchStoryboardName = LaunchScreen;
				INFOPLIST_KEY_UIMainStoryboardFile = Main;
				INFOPLIST_KEY_UISupportedInterfaceOrientations = UIInterfaceOrientationPortrait;
				LD_RUNPATH_SEARCH_PATHS = (
					"$(inherited)",
					"@executable_path/Frameworks",
				);
				MARKETING_VERSION = 1.0;
				PRODUCT_BUNDLE_IDENTIFIER = Sanjeev.UPosts;
				PRODUCT_NAME = "$(TARGET_NAME)";
				SWIFT_EMIT_LOC_STRINGS = YES;
				SWIFT_VERSION = 5.0;
				TARGETED_DEVICE_FAMILY = "1,2";
			};
			name = Release;
		};
		1186D1052C81AEEB009AD727 /* Debug */ = {
			isa = XCBuildConfiguration;
			buildSettings = {
				BUNDLE_LOADER = "$(TEST_HOST)";
				CODE_SIGN_STYLE = Automatic;
				CURRENT_PROJECT_VERSION = 1;
				GENERATE_INFOPLIST_FILE = YES;
				MARKETING_VERSION = 1.0;
				PRODUCT_BUNDLE_IDENTIFIER = Sanjeev.UPostsTests;
				PRODUCT_NAME = "$(TARGET_NAME)";
				SWIFT_EMIT_LOC_STRINGS = NO;
				SWIFT_VERSION = 5.0;
				TARGETED_DEVICE_FAMILY = "1,2";
				TEST_HOST = "$(BUILT_PRODUCTS_DIR)/UPosts.app/$(BUNDLE_EXECUTABLE_FOLDER_PATH)/UPosts";
			};
			name = Debug;
		};
		1186D1062C81AEEB009AD727 /* Release */ = {
			isa = XCBuildConfiguration;
			buildSettings = {
				BUNDLE_LOADER = "$(TEST_HOST)";
				CODE_SIGN_STYLE = Automatic;
				CURRENT_PROJECT_VERSION = 1;
				GENERATE_INFOPLIST_FILE = YES;
				MARKETING_VERSION = 1.0;
				PRODUCT_BUNDLE_IDENTIFIER = Sanjeev.UPostsTests;
				PRODUCT_NAME = "$(TARGET_NAME)";
				SWIFT_EMIT_LOC_STRINGS = NO;
				SWIFT_VERSION = 5.0;
				TARGETED_DEVICE_FAMILY = "1,2";
				TEST_HOST = "$(BUILT_PRODUCTS_DIR)/UPosts.app/$(BUNDLE_EXECUTABLE_FOLDER_PATH)/UPosts";
			};
			name = Release;
		};
/* End XCBuildConfiguration section */

/* Begin XCConfigurationList section */
		1181EFCB2C80BEAB00B21876 /* Build configuration list for PBXProject "UPosts" */ = {
			isa = XCConfigurationList;
			buildConfigurations = (
				1181EFE52C80BEAC00B21876 /* Debug */,
				1181EFE62C80BEAC00B21876 /* Release */,
			);
			defaultConfigurationIsVisible = 0;
			defaultConfigurationName = Release;
		};
		1181EFE72C80BEAC00B21876 /* Build configuration list for PBXNativeTarget "UPosts" */ = {
			isa = XCConfigurationList;
			buildConfigurations = (
				1181EFE82C80BEAC00B21876 /* Debug */,
				1181EFE92C80BEAC00B21876 /* Release */,
			);
			defaultConfigurationIsVisible = 0;
			defaultConfigurationName = Release;
		};
		1186D1042C81AEEB009AD727 /* Build configuration list for PBXNativeTarget "UPostsTests" */ = {
			isa = XCConfigurationList;
			buildConfigurations = (
				1186D1052C81AEEB009AD727 /* Debug */,
				1186D1062C81AEEB009AD727 /* Release */,
			);
			defaultConfigurationIsVisible = 0;
			defaultConfigurationName = Release;
		};
/* End XCConfigurationList section */

/* Begin XCRemoteSwiftPackageReference section */
		1181EFEA2C80BF2500B21876 /* XCRemoteSwiftPackageReference "RxSwift" */ = {
			isa = XCRemoteSwiftPackageReference;
			repositoryURL = "https://github.com/ReactiveX/RxSwift.git";
			requirement = {
				kind = exactVersion;
				version = 6.5.0;
			};
		};
		1181EFEF2C80BF5700B21876 /* XCRemoteSwiftPackageReference "Alamofire" */ = {
			isa = XCRemoteSwiftPackageReference;
			repositoryURL = "https://github.com/Alamofire/Alamofire.git";
			requirement = {
				kind = upToNextMajorVersion;
				minimumVersion = 5.6.4;
			};
		};
/* End XCRemoteSwiftPackageReference section */

/* Begin XCSwiftPackageProductDependency section */
		1181EFEB2C80BF2500B21876 /* RxCocoa */ = {
			isa = XCSwiftPackageProductDependency;
			package = 1181EFEA2C80BF2500B21876 /* XCRemoteSwiftPackageReference "RxSwift" */;
			productName = RxCocoa;
		};
		1181EFED2C80BF2500B21876 /* RxSwift */ = {
			isa = XCSwiftPackageProductDependency;
			package = 1181EFEA2C80BF2500B21876 /* XCRemoteSwiftPackageReference "RxSwift" */;
			productName = RxSwift;
		};
		1181EFF02C80BF5700B21876 /* Alamofire */ = {
			isa = XCSwiftPackageProductDependency;
			package = 1181EFEF2C80BF5700B21876 /* XCRemoteSwiftPackageReference "Alamofire" */;
			productName = Alamofire;
		};
/* End XCSwiftPackageProductDependency section */

/* Begin XCVersionGroup section */
		11CCE8E22C8439BE008BBAB1 /* UPosts.xcdatamodeld */ = {
			isa = XCVersionGroup;
			children = (
				11CCE8E32C8439BE008BBAB1 /* UPosts.xcdatamodel */,
			);
			currentVersion = 11CCE8E32C8439BE008BBAB1 /* UPosts.xcdatamodel */;
			name = UPosts.xcdatamodeld;
			path = /Users/sanjeevmishra/Documents/Working/UPosts/UPosts/Resources/CoreData/UPosts.xcdatamodeld;
			sourceTree = "<group>";
			versionGroupType = wrapper.xcdatamodel;
		};
/* End XCVersionGroup section */
	};
	rootObject = 1181EFC82C80BEAB00B21876 /* Project object */;
}
